
Microsoft Visual Studio Solution File, Format Version 12.00
# Visual Studio 15
VisualStudioVersion = 15.0.28307.329
MinimumVisualStudioVersion = 10.0.40219.1
Project("{8BC9CEB8-8B4A-11D0-8D11-00A0C91BC942}") = "Game", "Game\Game.vcxproj", "{E4F5E165-0669-48F3-9CAA-D97F2F1CD03D}"
EndProject
Global
	GlobalSection(SolutionConfigurationPlatforms) = preSolution
		Debug|x64 = Debug|x64
		Debug|x86 = Debug|x86
		Release|x64 = Release|x64
		Release|x86 = Release|x86
	EndGlobalSection
	GlobalSection(ProjectConfigurationPlatforms) = postSolution
		{E4F5E165-0669-48F3-9CAA-D97F2F1CD03D}.Debug|x64.ActiveCfg = Debug|x64
		{E4F5E165-0669-48F3-9CAA-D97F2F1CD03D}.Debug|x64.Build.0 = Debug|x64
		{E4F5E165-0669-48F3-9CAA-D97F2F1CD03D}.Debug|x86.ActiveCfg = Release|Win32
		{E4F5E165-0669-48F3-9CAA-D97F2F1CD03D}.Debug|x86.Build.0 = Release|Win32
		{E4F5E165-0669-48F3-9CAA-D97F2F1CD03D}.Release|x64.ActiveCfg = Release|x64
		{E4F5E165-0669-48F3-9CAA-D97F2F1CD03D}.Release|x64.Build.0 = Release|x64
		{E4F5E165-0669-48F3-9CAA-D97F2F1CD03D}.Release|x86.ActiveCfg = Release|Win32
		{E4F5E165-0669-48F3-9CAA-D97F2F1CD03D}.Release|x86.Build.0 = Release|Win32
	EndGlobalSection
	GlobalSection(SolutionProperties) = preSolution
		HideSolutionNode = FALSE
	EndGlobalSection
	GlobalSection(ExtensibilityGlobals) = postSolution
		SolutionGuid = {F2A2EC26-1B4E-4ADC-AC6B-A9FC993E6849}
	EndGlobalSection
EndGlobal
